// !$*UTF8*$!
{
	archiveVersion = 1;
	classes = {
	};
	objectVersion = 46;
	objects = {

/* Begin PBXBuildFile section */
		1458F51A1C95F81200218D06 /* AppDelegate.swift in Sources */ = {isa = PBXBuildFile; fileRef = 1458F5191C95F81200218D06 /* AppDelegate.swift */; };
		1458F51F1C95F81200218D06 /* Main.storyboard in Resources */ = {isa = PBXBuildFile; fileRef = 1458F51D1C95F81200218D06 /* Main.storyboard */; };
		1458F5211C95F81200218D06 /* Assets.xcassets in Resources */ = {isa = PBXBuildFile; fileRef = 1458F5201C95F81200218D06 /* Assets.xcassets */; };
		1458F5241C95F81200218D06 /* LaunchScreen.storyboard in Resources */ = {isa = PBXBuildFile; fileRef = 1458F5221C95F81200218D06 /* LaunchScreen.storyboard */; };
		1458F52C1C95FA7800218D06 /* SnapContainerViewController.swift in Sources */ = {isa = PBXBuildFile; fileRef = 1458F52B1C95FA7800218D06 /* SnapContainerViewController.swift */; };
		1458F52E1C95FA8900218D06 /* VerticalScrollViewController.swift in Sources */ = {isa = PBXBuildFile; fileRef = 1458F52D1C95FA8900218D06 /* VerticalScrollViewController.swift */; };
		1458F5321C95FECB00218D06 /* PhotoViewController.swift in Sources */ = {isa = PBXBuildFile; fileRef = 1458F5311C95FECB00218D06 /* PhotoViewController.swift */; };
		1458F5361C95FF6800218D06 /* CameraManagerProtocol.swift in Sources */ = {isa = PBXBuildFile; fileRef = 1458F5351C95FF6800218D06 /* CameraManagerProtocol.swift */; };
		1458F5381C95FF8800218D06 /* CameraManager.swift in Sources */ = {isa = PBXBuildFile; fileRef = 1458F5371C95FF8800218D06 /* CameraManager.swift */; };
		1458F53C1C95FFCC00218D06 /* SnappyAPI.swift in Sources */ = {isa = PBXBuildFile; fileRef = 1458F53B1C95FFCC00218D06 /* SnappyAPI.swift */; };
		1458F53E1C96015B00218D06 /* ImagesViewController.swift in Sources */ = {isa = PBXBuildFile; fileRef = 1458F53D1C96015B00218D06 /* ImagesViewController.swift */; };
		B03933191C961B03005485E7 /* Alamofire.framework in Frameworks */ = {isa = PBXBuildFile; fileRef = B03933171C961B03005485E7 /* Alamofire.framework */; };
		B039331A1C961B03005485E7 /* AlamofireImage.framework in Frameworks */ = {isa = PBXBuildFile; fileRef = B03933181C961B03005485E7 /* AlamofireImage.framework */; };
		D4DFB992C8CC18C582846F63 /* Pods_Snappy.framework in Frameworks */ = {isa = PBXBuildFile; fileRef = 8C3E0D58D147947ED0FCB4CE /* Pods_Snappy.framework */; };
/* End PBXBuildFile section */

/* Begin PBXFileReference section */
		1458F5161C95F81200218D06 /* Snappy.app */ = {isa = PBXFileReference; explicitFileType = wrapper.application; includeInIndex = 0; path = Snappy.app; sourceTree = BUILT_PRODUCTS_DIR; };
		1458F5191C95F81200218D06 /* AppDelegate.swift */ = {isa = PBXFileReference; lastKnownFileType = sourcecode.swift; path = AppDelegate.swift; sourceTree = "<group>"; };
		1458F51E1C95F81200218D06 /* Base */ = {isa = PBXFileReference; lastKnownFileType = file.storyboard; name = Base; path = Base.lproj/Main.storyboard; sourceTree = "<group>"; };
		1458F5201C95F81200218D06 /* Assets.xcassets */ = {isa = PBXFileReference; lastKnownFileType = folder.assetcatalog; path = Assets.xcassets; sourceTree = "<group>"; };
		1458F5231C95F81200218D06 /* Base */ = {isa = PBXFileReference; lastKnownFileType = file.storyboard; name = Base; path = Base.lproj/LaunchScreen.storyboard; sourceTree = "<group>"; };
		1458F5251C95F81200218D06 /* Info.plist */ = {isa = PBXFileReference; lastKnownFileType = text.plist.xml; path = Info.plist; sourceTree = "<group>"; };
		1458F52B1C95FA7800218D06 /* SnapContainerViewController.swift */ = {isa = PBXFileReference; fileEncoding = 4; lastKnownFileType = sourcecode.swift; path = SnapContainerViewController.swift; sourceTree = "<group>"; };
		1458F52D1C95FA8900218D06 /* VerticalScrollViewController.swift */ = {isa = PBXFileReference; fileEncoding = 4; lastKnownFileType = sourcecode.swift; path = VerticalScrollViewController.swift; sourceTree = "<group>"; };
		1458F5311C95FECB00218D06 /* PhotoViewController.swift */ = {isa = PBXFileReference; fileEncoding = 4; lastKnownFileType = sourcecode.swift; path = PhotoViewController.swift; sourceTree = "<group>"; };
		1458F5351C95FF6800218D06 /* CameraManagerProtocol.swift */ = {isa = PBXFileReference; fileEncoding = 4; lastKnownFileType = sourcecode.swift; path = CameraManagerProtocol.swift; sourceTree = "<group>"; };
		1458F5371C95FF8800218D06 /* CameraManager.swift */ = {isa = PBXFileReference; fileEncoding = 4; lastKnownFileType = sourcecode.swift; path = CameraManager.swift; sourceTree = "<group>"; };
		1458F53B1C95FFCC00218D06 /* SnappyAPI.swift */ = {isa = PBXFileReference; fileEncoding = 4; lastKnownFileType = sourcecode.swift; path = SnappyAPI.swift; sourceTree = "<group>"; };
		1458F53D1C96015B00218D06 /* ImagesViewController.swift */ = {isa = PBXFileReference; fileEncoding = 4; lastKnownFileType = sourcecode.swift; path = ImagesViewController.swift; sourceTree = "<group>"; };
		1714F51530166E8B731829C1 /* Pods-Snappy.debug.xcconfig */ = {isa = PBXFileReference; includeInIndex = 1; lastKnownFileType = text.xcconfig; name = "Pods-Snappy.debug.xcconfig"; path = "Pods/Target Support Files/Pods-Snappy/Pods-Snappy.debug.xcconfig"; sourceTree = "<group>"; };
		8C3E0D58D147947ED0FCB4CE /* Pods_Snappy.framework */ = {isa = PBXFileReference; explicitFileType = wrapper.framework; includeInIndex = 0; path = Pods_Snappy.framework; sourceTree = BUILT_PRODUCTS_DIR; };
		B03933171C961B03005485E7 /* Alamofire.framework */ = {isa = PBXFileReference; lastKnownFileType = wrapper.framework; name = Alamofire.framework; path = "Pods/../build/Debug-iphoneos/Alamofire.framework"; sourceTree = "<group>"; };
		B03933181C961B03005485E7 /* AlamofireImage.framework */ = {isa = PBXFileReference; lastKnownFileType = wrapper.framework; name = AlamofireImage.framework; path = "Pods/../build/Debug-iphoneos/AlamofireImage.framework"; sourceTree = "<group>"; };
		F0FF4A0F9D31E96AC7C33762 /* Pods-Snappy.release.xcconfig */ = {isa = PBXFileReference; includeInIndex = 1; lastKnownFileType = text.xcconfig; name = "Pods-Snappy.release.xcconfig"; path = "Pods/Target Support Files/Pods-Snappy/Pods-Snappy.release.xcconfig"; sourceTree = "<group>"; };
/* End PBXFileReference section */

/* Begin PBXFrameworksBuildPhase section */
		1458F5131C95F81200218D06 /* Frameworks */ = {
			isa = PBXFrameworksBuildPhase;
			buildActionMask = 2147483647;
			files = (
				B03933191C961B03005485E7 /* Alamofire.framework in Frameworks */,
				B039331A1C961B03005485E7 /* AlamofireImage.framework in Frameworks */,
				D4DFB992C8CC18C582846F63 /* Pods_Snappy.framework in Frameworks */,
			);
			runOnlyForDeploymentPostprocessing = 0;
		};
/* End PBXFrameworksBuildPhase section */

/* Begin PBXGroup section */
		1458F50D1C95F81200218D06 = {
			isa = PBXGroup;
			children = (
				1458F5181C95F81200218D06 /* Snappy */,
				1458F5171C95F81200218D06 /* Products */,
				3F8CEDECA99155A97602BCDD /* Pods */,
				9ADF78E6010D41B1A87137B5 /* Frameworks */,
			);
			sourceTree = "<group>";
		};
		1458F5171C95F81200218D06 /* Products */ = {
			isa = PBXGroup;
			children = (
				1458F5161C95F81200218D06 /* Snappy.app */,
			);
			name = Products;
			sourceTree = "<group>";
		};
		1458F5181C95F81200218D06 /* Snappy */ = {
			isa = PBXGroup;
			children = (
				1458F5301C95FEBA00218D06 /* Controllers */,
				1458F52F1C95FE9700218D06 /* Utils */,
				1458F51D1C95F81200218D06 /* Main.storyboard */,
				1458F5201C95F81200218D06 /* Assets.xcassets */,
				1458F5221C95F81200218D06 /* LaunchScreen.storyboard */,
				1458F5251C95F81200218D06 /* Info.plist */,
			);
			path = Snappy;
			sourceTree = "<group>";
		};
		1458F52F1C95FE9700218D06 /* Utils */ = {
			isa = PBXGroup;
			children = (
				1458F53A1C95FFAD00218D06 /* API */,
				1458F5341C95FF3C00218D06 /* Camera */,
				1458F5331C95FF3300218D06 /* SwipeableViewController */,
				1458F5191C95F81200218D06 /* AppDelegate.swift */,
			);
			name = Utils;
			sourceTree = "<group>";
		};
		1458F5301C95FEBA00218D06 /* Controllers */ = {
			isa = PBXGroup;
			children = (
				1458F5311C95FECB00218D06 /* PhotoViewController.swift */,
				1458F53D1C96015B00218D06 /* ImagesViewController.swift */,
			);
			name = Controllers;
			sourceTree = "<group>";
		};
		1458F5331C95FF3300218D06 /* SwipeableViewController */ = {
			isa = PBXGroup;
			children = (
				1458F52B1C95FA7800218D06 /* SnapContainerViewController.swift */,
				1458F52D1C95FA8900218D06 /* VerticalScrollViewController.swift */,
			);
			name = SwipeableViewController;
			sourceTree = "<group>";
		};
		1458F5341C95FF3C00218D06 /* Camera */ = {
			isa = PBXGroup;
			children = (
				1458F5351C95FF6800218D06 /* CameraManagerProtocol.swift */,
				1458F5371C95FF8800218D06 /* CameraManager.swift */,
			);
			name = Camera;
			sourceTree = "<group>";
		};
		1458F53A1C95FFAD00218D06 /* API */ = {
			isa = PBXGroup;
			children = (
				1458F53B1C95FFCC00218D06 /* SnappyAPI.swift */,
			);
			name = API;
			sourceTree = "<group>";
		};
		3F8CEDECA99155A97602BCDD /* Pods */ = {
			isa = PBXGroup;
			children = (
				1714F51530166E8B731829C1 /* Pods-Snappy.debug.xcconfig */,
				F0FF4A0F9D31E96AC7C33762 /* Pods-Snappy.release.xcconfig */,
			);
			name = Pods;
			sourceTree = "<group>";
		};
		9ADF78E6010D41B1A87137B5 /* Frameworks */ = {
			isa = PBXGroup;
			children = (
				B03933171C961B03005485E7 /* Alamofire.framework */,
				B03933181C961B03005485E7 /* AlamofireImage.framework */,
				8C3E0D58D147947ED0FCB4CE /* Pods_Snappy.framework */,
			);
			name = Frameworks;
			sourceTree = "<group>";
		};
/* End PBXGroup section */

/* Begin PBXNativeTarget section */
		1458F5151C95F81200218D06 /* Snappy */ = {
			isa = PBXNativeTarget;
			buildConfigurationList = 1458F5281C95F81200218D06 /* Build configuration list for PBXNativeTarget "Snappy" */;
			buildPhases = (
				D67B56BCE64C3ADF901137FC /* Check Pods Manifest.lock */,
				1458F5121C95F81200218D06 /* Sources */,
				1458F5131C95F81200218D06 /* Frameworks */,
				1458F5141C95F81200218D06 /* Resources */,
				335DD5364E96D0CCBCEB8E7C /* Embed Pods Frameworks */,
				8DE390EF218FD897079EE35A /* Copy Pods Resources */,
			);
			buildRules = (
			);
			dependencies = (
			);
			name = Snappy;
			productName = Snappy;
			productReference = 1458F5161C95F81200218D06 /* Snappy.app */;
			productType = "com.apple.product-type.application";
		};
/* End PBXNativeTarget section */

/* Begin PBXProject section */
		1458F50E1C95F81200218D06 /* Project object */ = {
			isa = PBXProject;
			attributes = {
				LastSwiftUpdateCheck = 0720;
				LastUpgradeCheck = 0720;
				ORGANIZATIONNAME = "Droids On Roids";
				TargetAttributes = {
					1458F5151C95F81200218D06 = {
						CreatedOnToolsVersion = 7.2.1;
					};
				};
			};
			buildConfigurationList = 1458F5111C95F81200218D06 /* Build configuration list for PBXProject "Snappy" */;
			compatibilityVersion = "Xcode 3.2";
			developmentRegion = English;
			hasScannedForEncodings = 0;
			knownRegions = (
				en,
				Base,
			);
			mainGroup = 1458F50D1C95F81200218D06;
			productRefGroup = 1458F5171C95F81200218D06 /* Products */;
			projectDirPath = "";
			projectRoot = "";
			targets = (
				1458F5151C95F81200218D06 /* Snappy */,
			);
		};
/* End PBXProject section */

/* Begin PBXResourcesBuildPhase section */
		1458F5141C95F81200218D06 /* Resources */ = {
			isa = PBXResourcesBuildPhase;
			buildActionMask = 2147483647;
			files = (
				1458F5241C95F81200218D06 /* LaunchScreen.storyboard in Resources */,
				1458F5211C95F81200218D06 /* Assets.xcassets in Resources */,
				1458F51F1C95F81200218D06 /* Main.storyboard in Resources */,
			);
			runOnlyForDeploymentPostprocessing = 0;
		};
/* End PBXResourcesBuildPhase section */

/* Begin PBXShellScriptBuildPhase section */
		335DD5364E96D0CCBCEB8E7C /* Embed Pods Frameworks */ = {
			isa = PBXShellScriptBuildPhase;
			buildActionMask = 2147483647;
			files = (
			);
			inputPaths = (
			);
			name = "Embed Pods Frameworks";
			outputPaths = (
			);
			runOnlyForDeploymentPostprocessing = 0;
			shellPath = /bin/sh;
			shellScript = "\"${SRCROOT}/Pods/Target Support Files/Pods-Snappy/Pods-Snappy-frameworks.sh\"\n";
			showEnvVarsInLog = 0;
		};
		8DE390EF218FD897079EE35A /* Copy Pods Resources */ = {
			isa = PBXShellScriptBuildPhase;
			buildActionMask = 2147483647;
			files = (
			);
			inputPaths = (
			);
			name = "Copy Pods Resources";
			outputPaths = (
			);
			runOnlyForDeploymentPostprocessing = 0;
			shellPath = /bin/sh;
			shellScript = "\"${SRCROOT}/Pods/Target Support Files/Pods-Snappy/Pods-Snappy-resources.sh\"\n";
			showEnvVarsInLog = 0;
		};
		D67B56BCE64C3ADF901137FC /* Check Pods Manifest.lock */ = {
			isa = PBXShellScriptBuildPhase;
			buildActionMask = 2147483647;
			files = (
			);
			inputPaths = (
			);
			name = "Check Pods Manifest.lock";
			outputPaths = (
			);
			runOnlyForDeploymentPostprocessing = 0;
			shellPath = /bin/sh;
			shellScript = "diff \"${PODS_ROOT}/../Podfile.lock\" \"${PODS_ROOT}/Manifest.lock\" > /dev/null\nif [[ $? != 0 ]] ; then\n    cat << EOM\nerror: The sandbox is not in sync with the Podfile.lock. Run 'pod install' or update your CocoaPods installation.\nEOM\n    exit 1\nfi\n";
			showEnvVarsInLog = 0;
		};
/* End PBXShellScriptBuildPhase section */

/* Begin PBXSourcesBuildPhase section */
		1458F5121C95F81200218D06 /* Sources */ = {
			isa = PBXSourcesBuildPhase;
			buildActionMask = 2147483647;
			files = (
				1458F52E1C95FA8900218D06 /* VerticalScrollViewController.swift in Sources */,
				1458F5321C95FECB00218D06 /* PhotoViewController.swift in Sources */,
				1458F53E1C96015B00218D06 /* ImagesViewController.swift in Sources */,
				1458F5361C95FF6800218D06 /* CameraManagerProtocol.swift in Sources */,
				1458F51A1C95F81200218D06 /* AppDelegate.swift in Sources */,
				1458F5381C95FF8800218D06 /* CameraManager.swift in Sources */,
				1458F52C1C95FA7800218D06 /* SnapContainerViewController.swift in Sources */,
				1458F53C1C95FFCC00218D06 /* SnappyAPI.swift in Sources */,
			);
			runOnlyForDeploymentPostprocessing = 0;
		};
/* End PBXSourcesBuildPhase section */

/* Begin PBXVariantGroup section */
		1458F51D1C95F81200218D06 /* Main.storyboard */ = {
			isa = PBXVariantGroup;
			children = (
				1458F51E1C95F81200218D06 /* Base */,
			);
			name = Main.storyboard;
			sourceTree = "<group>";
		};
		1458F5221C95F81200218D06 /* LaunchScreen.storyboard */ = {
			isa = PBXVariantGroup;
			children = (
				1458F5231C95F81200218D06 /* Base */,
			);
			name = LaunchScreen.storyboard;
			sourceTree = "<group>";
		};
/* End PBXVariantGroup section */

/* Begin XCBuildConfiguration section */
		1458F5261C95F81200218D06 /* Debug */ = {
			isa = XCBuildConfiguration;
			buildSettings = {
				ALWAYS_SEARCH_USER_PATHS = NO;
				CLANG_CXX_LANGUAGE_STANDARD = "gnu++0x";
				CLANG_CXX_LIBRARY = "libc++";
				CLANG_ENABLE_MODULES = YES;
				CLANG_ENABLE_OBJC_ARC = YES;
				CLANG_WARN_BOOL_CONVERSION = YES;
				CLANG_WARN_CONSTANT_CONVERSION = YES;
				CLANG_WARN_DIRECT_OBJC_ISA_USAGE = YES_ERROR;
				CLANG_WARN_EMPTY_BODY = YES;
				CLANG_WARN_ENUM_CONVERSION = YES;
				CLANG_WARN_INT_CONVERSION = YES;
				CLANG_WARN_OBJC_ROOT_CLASS = YES_ERROR;
				CLANG_WARN_UNREACHABLE_CODE = YES;
				CLANG_WARN__DUPLICATE_METHOD_MATCH = YES;
				"CODE_SIGN_IDENTITY[sdk=iphoneos*]" = "iPhone Developer";
				COPY_PHASE_STRIP = NO;
				DEBUG_INFORMATION_FORMAT = dwarf;
				ENABLE_STRICT_OBJC_MSGSEND = YES;
				ENABLE_TESTABILITY = YES;
				GCC_C_LANGUAGE_STANDARD = gnu99;
				GCC_DYNAMIC_NO_PIC = NO;
				GCC_NO_COMMON_BLOCKS = YES;
				GCC_OPTIMIZATION_LEVEL = 0;
				GCC_PREPROCESSOR_DEFINITIONS = (
					"DEBUG=1",
					"$(inherited)",
				);
				GCC_WARN_64_TO_32_BIT_CONVERSION = YES;
				GCC_WARN_ABOUT_RETURN_TYPE = YES_ERROR;
				GCC_WARN_UNDECLARED_SELECTOR = YES;
				GCC_WARN_UNINITIALIZED_AUTOS = YES_AGGRESSIVE;
				GCC_WARN_UNUSED_FUNCTION = YES;
				GCC_WARN_UNUSED_VARIABLE = YES;
				IPHONEOS_DEPLOYMENT_TARGET = 9.2;
				MTL_ENABLE_DEBUG_INFO = YES;
				ONLY_ACTIVE_ARCH = YES;
				SDKROOT = iphoneos;
				SWIFT_OPTIMIZATION_LEVEL = "-Onone";
			};
			name = Debug;
		};
		1458F5271C95F81200218D06 /* Release */ = {
			isa = XCBuildConfiguration;
			buildSettings = {
				ALWAYS_SEARCH_USER_PATHS = NO;
				CLANG_CXX_LANGUAGE_STANDARD = "gnu++0x";
				CLANG_CXX_LIBRARY = "libc++";
				CLANG_ENABLE_MODULES = YES;
				CLANG_ENABLE_OBJC_ARC = YES;
				CLANG_WARN_BOOL_CONVERSION = YES;
				CLANG_WARN_CONSTANT_CONVERSION = YES;
				CLANG_WARN_DIRECT_OBJC_ISA_USAGE = YES_ERROR;
				CLANG_WARN_EMPTY_BODY = YES;
				CLANG_WARN_ENUM_CONVERSION = YES;
				CLANG_WARN_INT_CONVERSION = YES;
				CLANG_WARN_OBJC_ROOT_CLASS = YES_ERROR;
				CLANG_WARN_UNREACHABLE_CODE = YES;
				CLANG_WARN__DUPLICATE_METHOD_MATCH = YES;
				"CODE_SIGN_IDENTITY[sdk=iphoneos*]" = "iPhone Developer";
				COPY_PHASE_STRIP = NO;
				DEBUG_INFORMATION_FORMAT = "dwarf-with-dsym";
				ENABLE_NS_ASSERTIONS = NO;
				ENABLE_STRICT_OBJC_MSGSEND = YES;
				GCC_C_LANGUAGE_STANDARD = gnu99;
				GCC_NO_COMMON_BLOCKS = YES;
				GCC_WARN_64_TO_32_BIT_CONVERSION = YES;
				GCC_WARN_ABOUT_RETURN_TYPE = YES_ERROR;
				GCC_WARN_UNDECLARED_SELECTOR = YES;
				GCC_WARN_UNINITIALIZED_AUTOS = YES_AGGRESSIVE;
				GCC_WARN_UNUSED_FUNCTION = YES;
				GCC_WARN_UNUSED_VARIABLE = YES;
				IPHONEOS_DEPLOYMENT_TARGET = 9.2;
				MTL_ENABLE_DEBUG_INFO = NO;
				SDKROOT = iphoneos;
				VALIDATE_PRODUCT = YES;
			};
			name = Release;
		};
		1458F5291C95F81200218D06 /* Debug */ = {
			isa = XCBuildConfiguration;
			baseConfigurationReference = 1714F51530166E8B731829C1 /* Pods-Snappy.debug.xcconfig */;
			buildSettings = {
				ASSETCATALOG_COMPILER_APPICON_NAME = AppIcon;
				FRAMEWORK_SEARCH_PATHS = (
					"$(inherited)",
					"$(PROJECT_DIR)/build/Debug-iphoneos",
				);
				INFOPLIST_FILE = Snappy/Info.plist;
				IPHONEOS_DEPLOYMENT_TARGET = 8.0;
				LD_RUNPATH_SEARCH_PATHS = "$(inherited) @executable_path/Frameworks";
				PRODUCT_BUNDLE_IDENTIFIER = com.droidsonroids.Snappy;
				PRODUCT_NAME = "$(TARGET_NAME)";
			};
			name = Debug;
		};
		1458F52A1C95F81200218D06 /* Release */ = {
			isa = XCBuildConfiguration;
			baseConfigurationReference = F0FF4A0F9D31E96AC7C33762 /* Pods-Snappy.release.xcconfig */;
			buildSettings = {
				ASSETCATALOG_COMPILER_APPICON_NAME = AppIcon;
				FRAMEWORK_SEARCH_PATHS = (
					"$(inherited)",
					"$(PROJECT_DIR)/build/Debug-iphoneos",
				);
				INFOPLIST_FILE = Snappy/Info.plist;
				IPHONEOS_DEPLOYMENT_TARGET = 8.0;
				LD_RUNPATH_SEARCH_PATHS = "$(inherited) @executable_path/Frameworks";
				PRODUCT_BUNDLE_IDENTIFIER = com.droidsonroids.Snappy;
				PRODUCT_NAME = "$(TARGET_NAME)";
			};
			name = Release;
		};
/* End XCBuildConfiguration section */

/* Begin XCConfigurationList section */
		1458F5111C95F81200218D06 /* Build configuration list for PBXProject "Snappy" */ = {
			isa = XCConfigurationList;
			buildConfigurations = (
				1458F5261C95F81200218D06 /* Debug */,
				1458F5271C95F81200218D06 /* Release */,
			);
			defaultConfigurationIsVisible = 0;
			defaultConfigurationName = Release;
		};
		1458F5281C95F81200218D06 /* Build configuration list for PBXNativeTarget "Snappy" */ = {
			isa = XCConfigurationList;
			buildConfigurations = (
				1458F5291C95F81200218D06 /* Debug */,
				1458F52A1C95F81200218D06 /* Release */,
			);
			defaultConfigurationIsVisible = 0;
			defaultConfigurationName = Release;
		};
/* End XCConfigurationList section */
	};
	rootObject = 1458F50E1C95F81200218D06 /* Project object */;
}
