// !$*UTF8*$!
{
	archiveVersion = 1;
	classes = {
	};
	objectVersion = 46;
	objects = {

/* Begin PBXBuildFile section */
		1458F51A1C95F81200218D06 /* AppDelegate.swift in Sources */ = {isa = PBXBuildFile; fileRef = 1458F5191C95F81200218D06 /* AppDelegate.swift */; };
		1458F51F1C95F81200218D06 /* Main.storyboard in Resources */ = {isa = PBXBuildFile; fileRef = 1458F51D1C95F81200218D06 /* Main.storyboard */; };
		1458F5211C95F81200218D06 /* Assets.xcassets in Resources */ = {isa = PBXBuildFile; fileRef = 1458F5201C95F81200218D06 /* Assets.xcassets */; };
		1458F5241C95F81200218D06 /* LaunchScreen.storyboard in Resources */ = {isa = PBXBuildFile; fileRef = 1458F5221C95F81200218D06 /* LaunchScreen.storyboard */; };
		1458F52C1C95FA7800218D06 /* SnapContainerViewController.swift in Sources */ = {isa = PBXBuildFile; fileRef = 1458F52B1C95FA7800218D06 /* SnapContainerViewController.swift */; };
		1458F52E1C95FA8900218D06 /* VerticalScrollViewController.swift in Sources */ = {isa = PBXBuildFile; fileRef = 1458F52D1C95FA8900218D06 /* VerticalScrollViewController.swift */; };
		1458F5321C95FECB00218D06 /* PhotoViewController.swift in Sources */ = {isa = PBXBuildFile; fileRef = 1458F5311C95FECB00218D06 /* PhotoViewController.swift */; };
		1458F5361C95FF6800218D06 /* CameraManagerProtocol.swift in Sources */ = {isa = PBXBuildFile; fileRef = 1458F5351C95FF6800218D06 /* CameraManagerProtocol.swift */; };
		1458F5381C95FF8800218D06 /* CameraManager.swift in Sources */ = {isa = PBXBuildFile; fileRef = 1458F5371C95FF8800218D06 /* CameraManager.swift */; };
		1458F53C1C95FFCC00218D06 /* SnappyAPI.swift in Sources */ = {isa = PBXBuildFile; fileRef = 1458F53B1C95FFCC00218D06 /* SnappyAPI.swift */; };
		1458F53E1C96015B00218D06 /* ImagesViewController.swift in Sources */ = {isa = PBXBuildFile; fileRef = 1458F53D1C96015B00218D06 /* ImagesViewController.swift */; };
		510A4B47A892B9B43002987D /* Pods_Snappy.framework in Frameworks */ = {isa = PBXBuildFile; fileRef = 8CB1BAAF247DC8AE8CB8F3FA /* Pods_Snappy.framework */; };
		B03933191C961B03005485E7 /* Alamofire.framework in Frameworks */ = {isa = PBXBuildFile; fileRef = B03933171C961B03005485E7 /* Alamofire.framework */; };
		B039331A1C961B03005485E7 /* AlamofireImage.framework in Frameworks */ = {isa = PBXBuildFile; fileRef = B03933181C961B03005485E7 /* AlamofireImage.framework */; };
		C7311E24C5CEBF584098DD00 /* Pods_SnappyAPITests.framework in Frameworks */ = {isa = PBXBuildFile; fileRef = 2A9B4CE98120A2D83ECB1ABB /* Pods_SnappyAPITests.framework */; };
		E52C0FE21DACDA32006B017E /* APITests.swift in Sources */ = {isa = PBXBuildFile; fileRef = E52C0FE11DACDA32006B017E /* APITests.swift */; };
		E542A7E51DB5FD66003AA132 /* PhotoViewControllerTests.swift in Sources */ = {isa = PBXBuildFile; fileRef = E542A7E41DB5FD66003AA132 /* PhotoViewControllerTests.swift */; };
		E58FA4741DB6450D00A42E03 /* CameraManagerTests.swift in Sources */ = {isa = PBXBuildFile; fileRef = E58FA4731DB6450D00A42E03 /* CameraManagerTests.swift */; };
		E5C33F361DAD10AC00AA3EB5 /* thunder.png in Resources */ = {isa = PBXBuildFile; fileRef = E5C33F351DAD10AC00AA3EB5 /* thunder.png */; };
/* End PBXBuildFile section */

/* Begin PBXContainerItemProxy section */
		E52C0FE41DACDA32006B017E /* PBXContainerItemProxy */ = {
			isa = PBXContainerItemProxy;
			containerPortal = 1458F50E1C95F81200218D06 /* Project object */;
			proxyType = 1;
			remoteGlobalIDString = 1458F5151C95F81200218D06;
			remoteInfo = Snappy;
		};
/* End PBXContainerItemProxy section */

/* Begin PBXFileReference section */
		0BDD967B69F2E5D325E3803F /* Pods-SnappyAPITests.release.xcconfig */ = {isa = PBXFileReference; includeInIndex = 1; lastKnownFileType = text.xcconfig; name = "Pods-SnappyAPITests.release.xcconfig"; path = "Pods/Target Support Files/Pods-SnappyAPITests/Pods-SnappyAPITests.release.xcconfig"; sourceTree = "<group>"; };
		1458F5161C95F81200218D06 /* Snappy.app */ = {isa = PBXFileReference; explicitFileType = wrapper.application; includeInIndex = 0; path = Snappy.app; sourceTree = BUILT_PRODUCTS_DIR; };
		1458F5191C95F81200218D06 /* AppDelegate.swift */ = {isa = PBXFileReference; lastKnownFileType = sourcecode.swift; path = AppDelegate.swift; sourceTree = "<group>"; };
		1458F51E1C95F81200218D06 /* Base */ = {isa = PBXFileReference; lastKnownFileType = file.storyboard; name = Base; path = Base.lproj/Main.storyboard; sourceTree = "<group>"; };
		1458F5201C95F81200218D06 /* Assets.xcassets */ = {isa = PBXFileReference; lastKnownFileType = folder.assetcatalog; path = Assets.xcassets; sourceTree = "<group>"; };
		1458F5231C95F81200218D06 /* Base */ = {isa = PBXFileReference; lastKnownFileType = file.storyboard; name = Base; path = Base.lproj/LaunchScreen.storyboard; sourceTree = "<group>"; };
		1458F5251C95F81200218D06 /* Info.plist */ = {isa = PBXFileReference; lastKnownFileType = text.plist.xml; path = Info.plist; sourceTree = "<group>"; };
		1458F52B1C95FA7800218D06 /* SnapContainerViewController.swift */ = {isa = PBXFileReference; fileEncoding = 4; lastKnownFileType = sourcecode.swift; path = SnapContainerViewController.swift; sourceTree = "<group>"; };
		1458F52D1C95FA8900218D06 /* VerticalScrollViewController.swift */ = {isa = PBXFileReference; fileEncoding = 4; lastKnownFileType = sourcecode.swift; path = VerticalScrollViewController.swift; sourceTree = "<group>"; };
		1458F5311C95FECB00218D06 /* PhotoViewController.swift */ = {isa = PBXFileReference; fileEncoding = 4; lastKnownFileType = sourcecode.swift; path = PhotoViewController.swift; sourceTree = "<group>"; };
		1458F5351C95FF6800218D06 /* CameraManagerProtocol.swift */ = {isa = PBXFileReference; fileEncoding = 4; lastKnownFileType = sourcecode.swift; path = CameraManagerProtocol.swift; sourceTree = "<group>"; };
		1458F5371C95FF8800218D06 /* CameraManager.swift */ = {isa = PBXFileReference; fileEncoding = 4; lastKnownFileType = sourcecode.swift; path = CameraManager.swift; sourceTree = "<group>"; };
		1458F53B1C95FFCC00218D06 /* SnappyAPI.swift */ = {isa = PBXFileReference; fileEncoding = 4; lastKnownFileType = sourcecode.swift; path = SnappyAPI.swift; sourceTree = "<group>"; };
		1458F53D1C96015B00218D06 /* ImagesViewController.swift */ = {isa = PBXFileReference; fileEncoding = 4; lastKnownFileType = sourcecode.swift; path = ImagesViewController.swift; sourceTree = "<group>"; };
		2A9B4CE98120A2D83ECB1ABB /* Pods_SnappyAPITests.framework */ = {isa = PBXFileReference; explicitFileType = wrapper.framework; includeInIndex = 0; path = Pods_SnappyAPITests.framework; sourceTree = BUILT_PRODUCTS_DIR; };
		8CB1BAAF247DC8AE8CB8F3FA /* Pods_Snappy.framework */ = {isa = PBXFileReference; explicitFileType = wrapper.framework; includeInIndex = 0; path = Pods_Snappy.framework; sourceTree = BUILT_PRODUCTS_DIR; };
		A4F428CF08A3ABC82CEF4087 /* Pods-Snappy.release.xcconfig */ = {isa = PBXFileReference; includeInIndex = 1; lastKnownFileType = text.xcconfig; name = "Pods-Snappy.release.xcconfig"; path = "Pods/Target Support Files/Pods-Snappy/Pods-Snappy.release.xcconfig"; sourceTree = "<group>"; };
		B03933171C961B03005485E7 /* Alamofire.framework */ = {isa = PBXFileReference; lastKnownFileType = wrapper.framework; name = Alamofire.framework; path = "Pods/../build/Debug-iphoneos/Alamofire.framework"; sourceTree = "<group>"; };
		B03933181C961B03005485E7 /* AlamofireImage.framework */ = {isa = PBXFileReference; lastKnownFileType = wrapper.framework; name = AlamofireImage.framework; path = "Pods/../build/Debug-iphoneos/AlamofireImage.framework"; sourceTree = "<group>"; };
		C525048BC1526468B8B97500 /* Pods-SnappyAPITests.debug.xcconfig */ = {isa = PBXFileReference; includeInIndex = 1; lastKnownFileType = text.xcconfig; name = "Pods-SnappyAPITests.debug.xcconfig"; path = "Pods/Target Support Files/Pods-SnappyAPITests/Pods-SnappyAPITests.debug.xcconfig"; sourceTree = "<group>"; };
		E52C0FDF1DACDA32006B017E /* SnappyAPITests.xctest */ = {isa = PBXFileReference; explicitFileType = wrapper.cfbundle; includeInIndex = 0; path = SnappyAPITests.xctest; sourceTree = BUILT_PRODUCTS_DIR; };
		E52C0FE11DACDA32006B017E /* APITests.swift */ = {isa = PBXFileReference; lastKnownFileType = sourcecode.swift; path = APITests.swift; sourceTree = "<group>"; };
		E52C0FE31DACDA32006B017E /* Info.plist */ = {isa = PBXFileReference; lastKnownFileType = text.plist.xml; path = Info.plist; sourceTree = "<group>"; };
		E542A7E41DB5FD66003AA132 /* PhotoViewControllerTests.swift */ = {isa = PBXFileReference; fileEncoding = 4; lastKnownFileType = sourcecode.swift; path = PhotoViewControllerTests.swift; sourceTree = "<group>"; };
		E58FA4731DB6450D00A42E03 /* CameraManagerTests.swift */ = {isa = PBXFileReference; fileEncoding = 4; lastKnownFileType = sourcecode.swift; path = CameraManagerTests.swift; sourceTree = "<group>"; };
		E5C33F351DAD10AC00AA3EB5 /* thunder.png */ = {isa = PBXFileReference; lastKnownFileType = image.png; path = thunder.png; sourceTree = "<group>"; };
		ED02CEFE0ECCE9A052CC0288 /* Pods-Snappy.debug.xcconfig */ = {isa = PBXFileReference; includeInIndex = 1; lastKnownFileType = text.xcconfig; name = "Pods-Snappy.debug.xcconfig"; path = "Pods/Target Support Files/Pods-Snappy/Pods-Snappy.debug.xcconfig"; sourceTree = "<group>"; };
/* End PBXFileReference section */

/* Begin PBXFrameworksBuildPhase section */
		1458F5131C95F81200218D06 /* Frameworks */ = {
			isa = PBXFrameworksBuildPhase;
			buildActionMask = 2147483647;
			files = (
				B03933191C961B03005485E7 /* Alamofire.framework in Frameworks */,
				B039331A1C961B03005485E7 /* AlamofireImage.framework in Frameworks */,
				510A4B47A892B9B43002987D /* Pods_Snappy.framework in Frameworks */,
			);
			runOnlyForDeploymentPostprocessing = 0;
		};
		E52C0FDC1DACDA32006B017E /* Frameworks */ = {
			isa = PBXFrameworksBuildPhase;
			buildActionMask = 2147483647;
			files = (
				C7311E24C5CEBF584098DD00 /* Pods_SnappyAPITests.framework in Frameworks */,
			);
			runOnlyForDeploymentPostprocessing = 0;
		};
/* End PBXFrameworksBuildPhase section */

/* Begin PBXGroup section */
		1458F50D1C95F81200218D06 = {
			isa = PBXGroup;
			children = (
				1458F5181C95F81200218D06 /* Snappy */,
				E52C0FE01DACDA32006B017E /* SnappyAPITests */,
				1458F5171C95F81200218D06 /* Products */,
				9ADF78E6010D41B1A87137B5 /* Frameworks */,
				AC0C95CCC3A5712CBA63EBDB /* Pods */,
			);
			sourceTree = "<group>";
		};
		1458F5171C95F81200218D06 /* Products */ = {
			isa = PBXGroup;
			children = (
				1458F5161C95F81200218D06 /* Snappy.app */,
				E52C0FDF1DACDA32006B017E /* SnappyAPITests.xctest */,
			);
			name = Products;
			sourceTree = "<group>";
		};
		1458F5181C95F81200218D06 /* Snappy */ = {
			isa = PBXGroup;
			children = (
				1458F5301C95FEBA00218D06 /* Controllers */,
				1458F52F1C95FE9700218D06 /* Utils */,
				1458F51D1C95F81200218D06 /* Main.storyboard */,
				1458F5201C95F81200218D06 /* Assets.xcassets */,
				1458F5221C95F81200218D06 /* LaunchScreen.storyboard */,
				1458F5251C95F81200218D06 /* Info.plist */,
			);
			path = Snappy;
			sourceTree = "<group>";
		};
		1458F52F1C95FE9700218D06 /* Utils */ = {
			isa = PBXGroup;
			children = (
				1458F53A1C95FFAD00218D06 /* API */,
				1458F5341C95FF3C00218D06 /* Camera */,
				1458F5331C95FF3300218D06 /* SwipeableViewController */,
				1458F5191C95F81200218D06 /* AppDelegate.swift */,
			);
			name = Utils;
			sourceTree = "<group>";
		};
		1458F5301C95FEBA00218D06 /* Controllers */ = {
			isa = PBXGroup;
			children = (
				1458F5311C95FECB00218D06 /* PhotoViewController.swift */,
				1458F53D1C96015B00218D06 /* ImagesViewController.swift */,
			);
			name = Controllers;
			sourceTree = "<group>";
		};
		1458F5331C95FF3300218D06 /* SwipeableViewController */ = {
			isa = PBXGroup;
			children = (
				1458F52B1C95FA7800218D06 /* SnapContainerViewController.swift */,
				1458F52D1C95FA8900218D06 /* VerticalScrollViewController.swift */,
			);
			name = SwipeableViewController;
			sourceTree = "<group>";
		};
		1458F5341C95FF3C00218D06 /* Camera */ = {
			isa = PBXGroup;
			children = (
				1458F5351C95FF6800218D06 /* CameraManagerProtocol.swift */,
				1458F5371C95FF8800218D06 /* CameraManager.swift */,
			);
			name = Camera;
			sourceTree = "<group>";
		};
		1458F53A1C95FFAD00218D06 /* API */ = {
			isa = PBXGroup;
			children = (
				1458F53B1C95FFCC00218D06 /* SnappyAPI.swift */,
			);
			name = API;
			sourceTree = "<group>";
		};
		9ADF78E6010D41B1A87137B5 /* Frameworks */ = {
			isa = PBXGroup;
			children = (
				B03933171C961B03005485E7 /* Alamofire.framework */,
				B03933181C961B03005485E7 /* AlamofireImage.framework */,
				8CB1BAAF247DC8AE8CB8F3FA /* Pods_Snappy.framework */,
				2A9B4CE98120A2D83ECB1ABB /* Pods_SnappyAPITests.framework */,
			);
			name = Frameworks;
			sourceTree = "<group>";
		};
		AC0C95CCC3A5712CBA63EBDB /* Pods */ = {
			isa = PBXGroup;
			children = (
				ED02CEFE0ECCE9A052CC0288 /* Pods-Snappy.debug.xcconfig */,
				A4F428CF08A3ABC82CEF4087 /* Pods-Snappy.release.xcconfig */,
				C525048BC1526468B8B97500 /* Pods-SnappyAPITests.debug.xcconfig */,
				0BDD967B69F2E5D325E3803F /* Pods-SnappyAPITests.release.xcconfig */,
			);
			name = Pods;
			sourceTree = "<group>";
		};
		E52C0FE01DACDA32006B017E /* SnappyAPITests */ = {
			isa = PBXGroup;
			children = (
				E52C0FE11DACDA32006B017E /* APITests.swift */,
				E5C33F351DAD10AC00AA3EB5 /* thunder.png */,
				E52C0FE31DACDA32006B017E /* Info.plist */,
				E542A7E41DB5FD66003AA132 /* PhotoViewControllerTests.swift */,
				E58FA4731DB6450D00A42E03 /* CameraManagerTests.swift */,
			);
			path = SnappyAPITests;
			sourceTree = "<group>";
		};
/* End PBXGroup section */

/* Begin PBXNativeTarget section */
		1458F5151C95F81200218D06 /* Snappy */ = {
			isa = PBXNativeTarget;
			buildConfigurationList = 1458F5281C95F81200218D06 /* Build configuration list for PBXNativeTarget "Snappy" */;
			buildPhases = (
				4FEEF44F480C8EF24083DCD9 /* [CP] Check Pods Manifest.lock */,
				1458F5121C95F81200218D06 /* Sources */,
				1458F5131C95F81200218D06 /* Frameworks */,
				1458F5141C95F81200218D06 /* Resources */,
				1EFFC66570DCCD403E02C0C8 /* [CP] Embed Pods Frameworks */,
				A0B02EA690A84073A3436F01 /* [CP] Copy Pods Resources */,
			);
			buildRules = (
			);
			dependencies = (
			);
			name = Snappy;
			productName = Snappy;
			productReference = 1458F5161C95F81200218D06 /* Snappy.app */;
			productType = "com.apple.product-type.application";
		};
		E52C0FDE1DACDA32006B017E /* SnappyAPITests */ = {
			isa = PBXNativeTarget;
			buildConfigurationList = E52C0FE81DACDA32006B017E /* Build configuration list for PBXNativeTarget "SnappyAPITests" */;
			buildPhases = (
				390389F04DCBB5F1BEA9A992 /* [CP] Check Pods Manifest.lock */,
				E52C0FDB1DACDA32006B017E /* Sources */,
				E52C0FDC1DACDA32006B017E /* Frameworks */,
				E52C0FDD1DACDA32006B017E /* Resources */,
				1BED46BC3ECD23AF89594F02 /* [CP] Embed Pods Frameworks */,
				AFCAD1246F6051E92337E79E /* [CP] Copy Pods Resources */,
			);
			buildRules = (
			);
			dependencies = (
				E52C0FE51DACDA32006B017E /* PBXTargetDependency */,
			);
			name = SnappyAPITests;
			productName = SnappyAPITests;
			productReference = E52C0FDF1DACDA32006B017E /* SnappyAPITests.xctest */;
			productType = "com.apple.product-type.bundle.unit-test";
		};
/* End PBXNativeTarget section */

/* Begin PBXProject section */
		1458F50E1C95F81200218D06 /* Project object */ = {
			isa = PBXProject;
			attributes = {
				LastSwiftUpdateCheck = 0800;
				LastUpgradeCheck = 0720;
				ORGANIZATIONNAME = "Droids On Roids";
				TargetAttributes = {
					1458F5151C95F81200218D06 = {
						CreatedOnToolsVersion = 7.2.1;
						DevelopmentTeam = 27FAFL2WP5;
						LastSwiftMigration = 0800;
					};
					E52C0FDE1DACDA32006B017E = {
						CreatedOnToolsVersion = 8.0;
						DevelopmentTeam = 27FAFL2WP5;
						ProvisioningStyle = Automatic;
						TestTargetID = 1458F5151C95F81200218D06;
					};
				};
			};
			buildConfigurationList = 1458F5111C95F81200218D06 /* Build configuration list for PBXProject "Snappy" */;
			compatibilityVersion = "Xcode 3.2";
			developmentRegion = English;
			hasScannedForEncodings = 0;
			knownRegions = (
				en,
				Base,
			);
			mainGroup = 1458F50D1C95F81200218D06;
			productRefGroup = 1458F5171C95F81200218D06 /* Products */;
			projectDirPath = "";
			projectRoot = "";
			targets = (
				1458F5151C95F81200218D06 /* Snappy */,
				E52C0FDE1DACDA32006B017E /* SnappyAPITests */,
			);
		};
/* End PBXProject section */

/* Begin PBXResourcesBuildPhase section */
		1458F5141C95F81200218D06 /* Resources */ = {
			isa = PBXResourcesBuildPhase;
			buildActionMask = 2147483647;
			files = (
				1458F5241C95F81200218D06 /* LaunchScreen.storyboard in Resources */,
				1458F5211C95F81200218D06 /* Assets.xcassets in Resources */,
				1458F51F1C95F81200218D06 /* Main.storyboard in Resources */,
			);
			runOnlyForDeploymentPostprocessing = 0;
		};
		E52C0FDD1DACDA32006B017E /* Resources */ = {
			isa = PBXResourcesBuildPhase;
			buildActionMask = 2147483647;
			files = (
				E5C33F361DAD10AC00AA3EB5 /* thunder.png in Resources */,
			);
			runOnlyForDeploymentPostprocessing = 0;
		};
/* End PBXResourcesBuildPhase section */

/* Begin PBXShellScriptBuildPhase section */
		1BED46BC3ECD23AF89594F02 /* [CP] Embed Pods Frameworks */ = {
			isa = PBXShellScriptBuildPhase;
			buildActionMask = 2147483647;
			files = (
			);
			inputPaths = (
			);
			name = "[CP] Embed Pods Frameworks";
			outputPaths = (
			);
			runOnlyForDeploymentPostprocessing = 0;
			shellPath = /bin/sh;
			shellScript = "\"${SRCROOT}/Pods/Target Support Files/Pods-SnappyAPITests/Pods-SnappyAPITests-frameworks.sh\"\n";
			showEnvVarsInLog = 0;
		};
		1EFFC66570DCCD403E02C0C8 /* [CP] Embed Pods Frameworks */ = {
			isa = PBXShellScriptBuildPhase;
			buildActionMask = 2147483647;
			files = (
			);
			inputPaths = (
			);
			name = "[CP] Embed Pods Frameworks";
			outputPaths = (
			);
			runOnlyForDeploymentPostprocessing = 0;
			shellPath = /bin/sh;
			shellScript = "\"${SRCROOT}/Pods/Target Support Files/Pods-Snappy/Pods-Snappy-frameworks.sh\"\n";
			showEnvVarsInLog = 0;
		};
		390389F04DCBB5F1BEA9A992 /* [CP] Check Pods Manifest.lock */ = {
			isa = PBXShellScriptBuildPhase;
			buildActionMask = 2147483647;
			files = (
			);
			inputPaths = (
			);
			name = "[CP] Check Pods Manifest.lock";
			outputPaths = (
			);
			runOnlyForDeploymentPostprocessing = 0;
			shellPath = /bin/sh;
			shellScript = "diff \"${PODS_ROOT}/../Podfile.lock\" \"${PODS_ROOT}/Manifest.lock\" > /dev/null\nif [ $? != 0 ] ; then\n    # print error to STDERR\n    echo \"error: The sandbox is not in sync with the Podfile.lock. Run 'pod install' or update your CocoaPods installation.\" >&2\n    exit 1\nfi\n";
			showEnvVarsInLog = 0;
		};
		4FEEF44F480C8EF24083DCD9 /* [CP] Check Pods Manifest.lock */ = {
			isa = PBXShellScriptBuildPhase;
			buildActionMask = 2147483647;
			files = (
			);
			inputPaths = (
			);
			name = "[CP] Check Pods Manifest.lock";
			outputPaths = (
			);
			runOnlyForDeploymentPostprocessing = 0;
			shellPath = /bin/sh;
			shellScript = "diff \"${PODS_ROOT}/../Podfile.lock\" \"${PODS_ROOT}/Manifest.lock\" > /dev/null\nif [ $? != 0 ] ; then\n    # print error to STDERR\n    echo \"error: The sandbox is not in sync with the Podfile.lock. Run 'pod install' or update your CocoaPods installation.\" >&2\n    exit 1\nfi\n";
			showEnvVarsInLog = 0;
		};
		A0B02EA690A84073A3436F01 /* [CP] Copy Pods Resources */ = {
			isa = PBXShellScriptBuildPhase;
			buildActionMask = 2147483647;
			files = (
			);
			inputPaths = (
			);
			name = "[CP] Copy Pods Resources";
			outputPaths = (
			);
			runOnlyForDeploymentPostprocessing = 0;
			shellPath = /bin/sh;
			shellScript = "\"${SRCROOT}/Pods/Target Support Files/Pods-Snappy/Pods-Snappy-resources.sh\"\n";
			showEnvVarsInLog = 0;
		};
		AFCAD1246F6051E92337E79E /* [CP] Copy Pods Resources */ = {
			isa = PBXShellScriptBuildPhase;
			buildActionMask = 2147483647;
			files = (
			);
			inputPaths = (
			);
			name = "[CP] Copy Pods Resources";
			outputPaths = (
			);
			runOnlyForDeploymentPostprocessing = 0;
			shellPath = /bin/sh;
			shellScript = "\"${SRCROOT}/Pods/Target Support Files/Pods-SnappyAPITests/Pods-SnappyAPITests-resources.sh\"\n";
			showEnvVarsInLog = 0;
		};
/* End PBXShellScriptBuildPhase section */

/* Begin PBXSourcesBuildPhase section */
		1458F5121C95F81200218D06 /* Sources */ = {
			isa = PBXSourcesBuildPhase;
			buildActionMask = 2147483647;
			files = (
				1458F52E1C95FA8900218D06 /* VerticalScrollViewController.swift in Sources */,
				1458F5321C95FECB00218D06 /* PhotoViewController.swift in Sources */,
				1458F53E1C96015B00218D06 /* ImagesViewController.swift in Sources */,
				1458F5361C95FF6800218D06 /* CameraManagerProtocol.swift in Sources */,
				1458F51A1C95F81200218D06 /* AppDelegate.swift in Sources */,
				1458F5381C95FF8800218D06 /* CameraManager.swift in Sources */,
				1458F52C1C95FA7800218D06 /* SnapContainerViewController.swift in Sources */,
				1458F53C1C95FFCC00218D06 /* SnappyAPI.swift in Sources */,
			);
			runOnlyForDeploymentPostprocessing = 0;
		};
		E52C0FDB1DACDA32006B017E /* Sources */ = {
			isa = PBXSourcesBuildPhase;
			buildActionMask = 2147483647;
			files = (
				E58FA4741DB6450D00A42E03 /* CameraManagerTests.swift in Sources */,
				E52C0FE21DACDA32006B017E /* APITests.swift in Sources */,
				E542A7E51DB5FD66003AA132 /* PhotoViewControllerTests.swift in Sources */,
			);
			runOnlyForDeploymentPostprocessing = 0;
		};
/* End PBXSourcesBuildPhase section */

/* Begin PBXTargetDependency section */
		E52C0FE51DACDA32006B017E /* PBXTargetDependency */ = {
			isa = PBXTargetDependency;
			target = 1458F5151C95F81200218D06 /* Snappy */;
			targetProxy = E52C0FE41DACDA32006B017E /* PBXContainerItemProxy */;
		};
/* End PBXTargetDependency section */

/* Begin PBXVariantGroup section */
		1458F51D1C95F81200218D06 /* Main.storyboard */ = {
			isa = PBXVariantGroup;
			children = (
				1458F51E1C95F81200218D06 /* Base */,
			);
			name = Main.storyboard;
			sourceTree = "<group>";
		};
		1458F5221C95F81200218D06 /* LaunchScreen.storyboard */ = {
			isa = PBXVariantGroup;
			children = (
				1458F5231C95F81200218D06 /* Base */,
			);
			name = LaunchScreen.storyboard;
			sourceTree = "<group>";
		};
/* End PBXVariantGroup section */

/* Begin XCBuildConfiguration section */
		1458F5261C95F81200218D06 /* Debug */ = {
			isa = XCBuildConfiguration;
			buildSettings = {
				ALWAYS_SEARCH_USER_PATHS = NO;
				CLANG_CXX_LANGUAGE_STANDARD = "gnu++0x";
				CLANG_CXX_LIBRARY = "libc++";
				CLANG_ENABLE_MODULES = YES;
				CLANG_ENABLE_OBJC_ARC = YES;
				CLANG_WARN_BOOL_CONVERSION = YES;
				CLANG_WARN_CONSTANT_CONVERSION = YES;
				CLANG_WARN_DIRECT_OBJC_ISA_USAGE = YES_ERROR;
				CLANG_WARN_EMPTY_BODY = YES;
				CLANG_WARN_ENUM_CONVERSION = YES;
				CLANG_WARN_INT_CONVERSION = YES;
				CLANG_WARN_OBJC_ROOT_CLASS = YES_ERROR;
				CLANG_WARN_UNREACHABLE_CODE = YES;
				CLANG_WARN__DUPLICATE_METHOD_MATCH = YES;
				"CODE_SIGN_IDENTITY[sdk=iphoneos*]" = "iPhone Developer";
				COPY_PHASE_STRIP = NO;
				DEBUG_INFORMATION_FORMAT = dwarf;
				ENABLE_STRICT_OBJC_MSGSEND = YES;
				ENABLE_TESTABILITY = YES;
				GCC_C_LANGUAGE_STANDARD = gnu99;
				GCC_DYNAMIC_NO_PIC = NO;
				GCC_NO_COMMON_BLOCKS = YES;
				GCC_OPTIMIZATION_LEVEL = 0;
				GCC_PREPROCESSOR_DEFINITIONS = (
					"DEBUG=1",
					"$(inherited)",
				);
				GCC_WARN_64_TO_32_BIT_CONVERSION = YES;
				GCC_WARN_ABOUT_RETURN_TYPE = YES_ERROR;
				GCC_WARN_UNDECLARED_SELECTOR = YES;
				GCC_WARN_UNINITIALIZED_AUTOS = YES_AGGRESSIVE;
				GCC_WARN_UNUSED_FUNCTION = YES;
				GCC_WARN_UNUSED_VARIABLE = YES;
				IPHONEOS_DEPLOYMENT_TARGET = 9.2;
				MTL_ENABLE_DEBUG_INFO = YES;
				ONLY_ACTIVE_ARCH = YES;
				SDKROOT = iphoneos;
				SWIFT_OPTIMIZATION_LEVEL = "-Onone";
			};
			name = Debug;
		};
		1458F5271C95F81200218D06 /* Release */ = {
			isa = XCBuildConfiguration;
			buildSettings = {
				ALWAYS_SEARCH_USER_PATHS = NO;
				CLANG_CXX_LANGUAGE_STANDARD = "gnu++0x";
				CLANG_CXX_LIBRARY = "libc++";
				CLANG_ENABLE_MODULES = YES;
				CLANG_ENABLE_OBJC_ARC = YES;
				CLANG_WARN_BOOL_CONVERSION = YES;
				CLANG_WARN_CONSTANT_CONVERSION = YES;
				CLANG_WARN_DIRECT_OBJC_ISA_USAGE = YES_ERROR;
				CLANG_WARN_EMPTY_BODY = YES;
				CLANG_WARN_ENUM_CONVERSION = YES;
				CLANG_WARN_INT_CONVERSION = YES;
				CLANG_WARN_OBJC_ROOT_CLASS = YES_ERROR;
				CLANG_WARN_UNREACHABLE_CODE = YES;
				CLANG_WARN__DUPLICATE_METHOD_MATCH = YES;
				"CODE_SIGN_IDENTITY[sdk=iphoneos*]" = "iPhone Developer";
				COPY_PHASE_STRIP = NO;
				DEBUG_INFORMATION_FORMAT = "dwarf-with-dsym";
				ENABLE_NS_ASSERTIONS = NO;
				ENABLE_STRICT_OBJC_MSGSEND = YES;
				GCC_C_LANGUAGE_STANDARD = gnu99;
				GCC_NO_COMMON_BLOCKS = YES;
				GCC_WARN_64_TO_32_BIT_CONVERSION = YES;
				GCC_WARN_ABOUT_RETURN_TYPE = YES_ERROR;
				GCC_WARN_UNDECLARED_SELECTOR = YES;
				GCC_WARN_UNINITIALIZED_AUTOS = YES_AGGRESSIVE;
				GCC_WARN_UNUSED_FUNCTION = YES;
				GCC_WARN_UNUSED_VARIABLE = YES;
				IPHONEOS_DEPLOYMENT_TARGET = 9.2;
				MTL_ENABLE_DEBUG_INFO = NO;
				SDKROOT = iphoneos;
				VALIDATE_PRODUCT = YES;
			};
			name = Release;
		};
		1458F5291C95F81200218D06 /* Debug */ = {
			isa = XCBuildConfiguration;
			baseConfigurationReference = ED02CEFE0ECCE9A052CC0288 /* Pods-Snappy.debug.xcconfig */;
			buildSettings = {
				ASSETCATALOG_COMPILER_APPICON_NAME = AppIcon;
				DEVELOPMENT_TEAM = 27FAFL2WP5;
				FRAMEWORK_SEARCH_PATHS = (
					"$(inherited)",
					"$(PROJECT_DIR)/build/Debug-iphoneos",
				);
				INFOPLIST_FILE = Snappy/Info.plist;
				IPHONEOS_DEPLOYMENT_TARGET = 9.0;
				LD_RUNPATH_SEARCH_PATHS = "$(inherited) @executable_path/Frameworks";
				PRODUCT_BUNDLE_IDENTIFIER = com.droidsonroids.Snappy;
				PRODUCT_NAME = "$(TARGET_NAME)";
				SWIFT_VERSION = 3.0;
			};
			name = Debug;
		};
		1458F52A1C95F81200218D06 /* Release */ = {
			isa = XCBuildConfiguration;
			baseConfigurationReference = A4F428CF08A3ABC82CEF4087 /* Pods-Snappy.release.xcconfig */;
			buildSettings = {
				ASSETCATALOG_COMPILER_APPICON_NAME = AppIcon;
				DEVELOPMENT_TEAM = 27FAFL2WP5;
				FRAMEWORK_SEARCH_PATHS = (
					"$(inherited)",
					"$(PROJECT_DIR)/build/Debug-iphoneos",
				);
				INFOPLIST_FILE = Snappy/Info.plist;
				IPHONEOS_DEPLOYMENT_TARGET = 9.0;
				LD_RUNPATH_SEARCH_PATHS = "$(inherited) @executable_path/Frameworks";
				PRODUCT_BUNDLE_IDENTIFIER = com.droidsonroids.Snappy;
				PRODUCT_NAME = "$(TARGET_NAME)";
				SWIFT_VERSION = 3.0;
			};
			name = Release;
		};
		E52C0FE61DACDA32006B017E /* Debug */ = {
			isa = XCBuildConfiguration;
			baseConfigurationReference = C525048BC1526468B8B97500 /* Pods-SnappyAPITests.debug.xcconfig */;
			buildSettings = {
				BUNDLE_LOADER = "$(TEST_HOST)";
				CLANG_ANALYZER_NONNULL = YES;
				CLANG_WARN_DOCUMENTATION_COMMENTS = YES;
				CLANG_WARN_INFINITE_RECURSION = YES;
				CLANG_WARN_SUSPICIOUS_MOVES = YES;
				DEVELOPMENT_TEAM = 27FAFL2WP5;
				INFOPLIST_FILE = SnappyAPITests/Info.plist;
				IPHONEOS_DEPLOYMENT_TARGET = 10.0;
				LD_RUNPATH_SEARCH_PATHS = "$(inherited) @executable_path/Frameworks @loader_path/Frameworks";
				PRODUCT_BUNDLE_IDENTIFIER = com.droidsonroids.SnappyAPITests;
				PRODUCT_NAME = "$(TARGET_NAME)";
				SWIFT_ACTIVE_COMPILATION_CONDITIONS = DEBUG;
				SWIFT_VERSION = 3.0;
				TEST_HOST = "$(BUILT_PRODUCTS_DIR)/Snappy.app/Snappy";
			};
			name = Debug;
		};
		E52C0FE71DACDA32006B017E /* Release */ = {
			isa = XCBuildConfiguration;
			baseConfigurationReference = 0BDD967B69F2E5D325E3803F /* Pods-SnappyAPITests.release.xcconfig */;
			buildSettings = {
				BUNDLE_LOADER = "$(TEST_HOST)";
				CLANG_ANALYZER_NONNULL = YES;
				CLANG_WARN_DOCUMENTATION_COMMENTS = YES;
				CLANG_WARN_INFINITE_RECURSION = YES;
				CLANG_WARN_SUSPICIOUS_MOVES = YES;
				DEVELOPMENT_TEAM = 27FAFL2WP5;
				INFOPLIST_FILE = SnappyAPITests/Info.plist;
				IPHONEOS_DEPLOYMENT_TARGET = 10.0;
				LD_RUNPATH_SEARCH_PATHS = "$(inherited) @executable_path/Frameworks @loader_path/Frameworks";
				PRODUCT_BUNDLE_IDENTIFIER = com.droidsonroids.SnappyAPITests;
				PRODUCT_NAME = "$(TARGET_NAME)";
				SWIFT_OPTIMIZATION_LEVEL = "-Owholemodule";
				SWIFT_VERSION = 3.0;
				TEST_HOST = "$(BUILT_PRODUCTS_DIR)/Snappy.app/Snappy";
			};
			name = Release;
		};
/* End XCBuildConfiguration section */

/* Begin XCConfigurationList section */
		1458F5111C95F81200218D06 /* Build configuration list for PBXProject "Snappy" */ = {
			isa = XCConfigurationList;
			buildConfigurations = (
				1458F5261C95F81200218D06 /* Debug */,
				1458F5271C95F81200218D06 /* Release */,
			);
			defaultConfigurationIsVisible = 0;
			defaultConfigurationName = Release;
		};
		1458F5281C95F81200218D06 /* Build configuration list for PBXNativeTarget "Snappy" */ = {
			isa = XCConfigurationList;
			buildConfigurations = (
				1458F5291C95F81200218D06 /* Debug */,
				1458F52A1C95F81200218D06 /* Release */,
			);
			defaultConfigurationIsVisible = 0;
			defaultConfigurationName = Release;
		};
		E52C0FE81DACDA32006B017E /* Build configuration list for PBXNativeTarget "SnappyAPITests" */ = {
			isa = XCConfigurationList;
			buildConfigurations = (
				E52C0FE61DACDA32006B017E /* Debug */,
				E52C0FE71DACDA32006B017E /* Release */,
			);
			defaultConfigurationIsVisible = 0;
			defaultConfigurationName = Release;
		};
/* End XCConfigurationList section */
	};
	rootObject = 1458F50E1C95F81200218D06 /* Project object */;
}
