PODS:
  - Alamofire (4.0.1)
  - AlamofireImage (3.1.0):
    - Alamofire (~> 4.0)

DEPENDENCIES:
  - AlamofireImage (from `https://github.com/Alamofire/AlamofireImage`)

EXTERNAL SOURCES:
  AlamofireImage:
    :git: https://github.com/Alamofire/AlamofireImage

CHECKOUT OPTIONS:
  AlamofireImage:
    :commit: 78b1d0e1341d8e6b308cbe21c0244ff01f696c57
    :git: https://github.com/Alamofire/AlamofireImage

SPEC CHECKSUMS:
  Alamofire: 7682d43245de14874acd142ec137b144aa1dd335
  AlamofireImage: bb8c8351c51cb1633bb6be69b6dbbaff37ce65b7

PODFILE CHECKSUM: 42cfd3b7c3e931e74b865e9de6be9ab3dc902fdd

COCOAPODS: 1.1.0.rc.2
